Microsoft Visual Studio Solution File, Format Version 11.00
# Visual Studio 2008

Project("{F2DAAD45-5E53-A5C5-DCA9-94DC1B32CB62}") = "InControl", "Assembly-CSharp-vs.csproj", "{6A2A44BE-05EA-B3B8-5908-F5AC69FDC3C6}"
EndProject
Project("{F2DAAD45-5E53-A5C5-DCA9-94DC1B32CB62}") = "InControl", "Assembly-CSharp-Editor-vs.csproj", "{29AC3607-FA70-4DDB-6190-C50335F12E81}"
EndProject
Global
	GlobalSection(SolutionConfigurationPlatforms) = preSolution
		Debug|Any CPU = Debug|Any CPU
		Release|Any CPU = Release|Any CPU
	EndGlobalSection
	GlobalSection(ProjectConfigurationPlatforms) = postSolution
		{6A2A44BE-05EA-B3B8-5908-F5AC69FDC3C6}.Debug|Any CPU.ActiveCfg = Debug|Any CPU
		{6A2A44BE-05EA-B3B8-5908-F5AC69FDC3C6}.Debug|Any CPU.Build.0 = Debug|Any CPU
		{6A2A44BE-05EA-B3B8-5908-F5AC69FDC3C6}.Release|Any CPU.ActiveCfg = Release|Any CPU
		{6A2A44BE-05EA-B3B8-5908-F5AC69FDC3C6}.Release|Any CPU.Build.0 = Release|Any CPU
		{29AC3607-FA70-4DDB-6190-C50335F12E81}.Debug|Any CPU.ActiveCfg = Debug|Any CPU
		{29AC3607-FA70-4DDB-6190-C50335F12E81}.Debug|Any CPU.Build.0 = Debug|Any CPU
		{29AC3607-FA70-4DDB-6190-C50335F12E81}.Release|Any CPU.ActiveCfg = Release|Any CPU
		{29AC3607-FA70-4DDB-6190-C50335F12E81}.Release|Any CPU.Build.0 = Release|Any CPU
	EndGlobalSection
	GlobalSection(SolutionProperties) = preSolution
		HideSolutionNode = FALSE
	EndGlobalSection
																																																																																																																																																																									GlobalSection(MonoDevelopProperties) = preSolution
		StartupItem = Assembly-CSharp.csproj
		Policies = $0
		$0.TextStylePolicy = $1
		$1.FileWidth = 120
		$1.TabsToSpaces = False
		$1.inheritsSet = VisualStudio
		$1.inheritsScope = text/plain
		$1.scope = text/x-csharp
		$0.CSharpFormattingPolicy = $2
		$2.AnonymousMethodBraceStyle = NextLine
		$2.PropertyBraceStyle = NextLine
		$2.PropertyGetBraceStyle = NextLine
		$2.PropertySetBraceStyle = NextLine
		$2.EventBraceStyle = NextLine
		$2.EventAddBraceStyle = NextLine
		$2.EventRemoveBraceStyle = NextLine
		$2.StatementBraceStyle = NextLine
		$2.ElseNewLinePlacement = NewLine
		$2.ElseIfNewLinePlacement = NewLine
		$2.CatchNewLinePlacement = NewLine
		$2.FinallyNewLinePlacement = NewLine
		$2.WhileNewLinePlacement = NewLine
		$2.BeforeMethodDeclarationParentheses = False
		$2.WithinMethodDeclarationParentheses = True
		$2.BeforeMethodCallParentheses = False
		$2.WithinMethodCallParentheses = True
		$2.BeforeConstructorDeclarationParentheses = False
		$2.WithinConstructorDeclarationParentheses = True
		$2.BeforeIndexerDeclarationBracket = False
		$2.WithinIndexerDeclarationBracket = True
		$2.BeforeDelegateDeclarationParentheses = False
		$2.WithinDelegateDeclarationParentheses = True
		$2.NewParentheses = False
		$2.WithinSizeOfParentheses = True
		$2.WithinTypeOfParentheses = True
		$2.WithinNewParentheses = True
		$2.SpacesBeforeBrackets = False
		$2.SpacesAfterTypecast = True
		$2.inheritsSet = Mono
		$2.inheritsScope = text/x-csharp
		$2.scope = text/x-csharp
		$0.TextStylePolicy = $3
		$3.FileWidth = 120
		$3.TabWidth = 4
		$3.EolMarker = Unix
		$3.inheritsSet = Mono
		$3.inheritsScope = text/plain
		$3.scope = text/plain
	EndGlobalSection

EndGlobal
